
Microsoft Visual Studio Solution File, Format Version 12.00
# Visual Studio 14
VisualStudioVersion = 14.0.24720.0
MinimumVisualStudioVersion = 10.0.40219.1
Project("{FAE04EC0-301F-11D3-BF4B-00C04F79EFBC}") = "DateTimeHelper", "DateTimeHelper.csproj", "{0CC67324-6ECE-4BF0-92B3-2794A1BA075B}"
EndProject
Project("{FAE04EC0-301F-11D3-BF4B-00C04F79EFBC}") = "DateTimeHelper.Portable", "..\DateTimeHelper.Portable\DateTimeHelper.Portable.csproj", "{C5E1D1E2-319A-4BE1-B952-F23884A3D7BC}"
EndProject
Project("{FAE04EC0-301F-11D3-BF4B-00C04F79EFBC}") = "DateTimeHelper.Tests", "..\DateTimeHelper.Tests\DateTimeHelper.Tests.csproj", "{D60A5B0B-146F-40A8-8418-B1986BDEC8DD}"
EndProject
Project("{FAE04EC0-301F-11D3-BF4B-00C04F79EFBC}") = "DateTimeHelper.Portable.Tests", "DateTimeHelper.Portable.Tests\DateTimeHelper.Portable.Tests.csproj", "{63DF1F41-7F7F-41B0-A61C-A796B338AB65}"
EndProject
Global
	GlobalSection(SolutionConfigurationPlatforms) = preSolution
		Debug|Any CPU = Debug|Any CPU
		Release|Any CPU = Release|Any CPU
	EndGlobalSection
	GlobalSection(ProjectConfigurationPlatforms) = postSolution
		{0CC67324-6ECE-4BF0-92B3-2794A1BA075B}.Debug|Any CPU.ActiveCfg = Debug|Any CPU
		{0CC67324-6ECE-4BF0-92B3-2794A1BA075B}.Debug|Any CPU.Build.0 = Debug|Any CPU
		{0CC67324-6ECE-4BF0-92B3-2794A1BA075B}.Release|Any CPU.ActiveCfg = Release|Any CPU
		{0CC67324-6ECE-4BF0-92B3-2794A1BA075B}.Release|Any CPU.Build.0 = Release|Any CPU
		{C5E1D1E2-319A-4BE1-B952-F23884A3D7BC}.Debug|Any CPU.ActiveCfg = Debug|Any CPU
		{C5E1D1E2-319A-4BE1-B952-F23884A3D7BC}.Debug|Any CPU.Build.0 = Debug|Any CPU
		{C5E1D1E2-319A-4BE1-B952-F23884A3D7BC}.Release|Any CPU.ActiveCfg = Release|Any CPU
		{C5E1D1E2-319A-4BE1-B952-F23884A3D7BC}.Release|Any CPU.Build.0 = Release|Any CPU
		{D60A5B0B-146F-40A8-8418-B1986BDEC8DD}.Debug|Any CPU.ActiveCfg = Debug|Any CPU
		{D60A5B0B-146F-40A8-8418-B1986BDEC8DD}.Debug|Any CPU.Build.0 = Debug|Any CPU
		{D60A5B0B-146F-40A8-8418-B1986BDEC8DD}.Release|Any CPU.ActiveCfg = Release|Any CPU
		{D60A5B0B-146F-40A8-8418-B1986BDEC8DD}.Release|Any CPU.Build.0 = Release|Any CPU
		{63DF1F41-7F7F-41B0-A61C-A796B338AB65}.Debug|Any CPU.ActiveCfg = Debug|Any CPU
		{63DF1F41-7F7F-41B0-A61C-A796B338AB65}.Debug|Any CPU.Build.0 = Debug|Any CPU
		{63DF1F41-7F7F-41B0-A61C-A796B338AB65}.Release|Any CPU.ActiveCfg = Release|Any CPU
		{63DF1F41-7F7F-41B0-A61C-A796B338AB65}.Release|Any CPU.Build.0 = Release|Any CPU
	EndGlobalSection
	GlobalSection(SolutionProperties) = preSolution
		HideSolutionNode = FALSE
	EndGlobalSection
EndGlobal
